
Microsoft Visual Studio Solution File, Format Version 12.00
# Visual Studio Version 17
VisualStudioVersion = 17.10.35122.118
MinimumVisualStudioVersion = 10.0.40219.1
Project("{FAE04EC0-301F-11D3-BF4B-00C04F79EFBC}") = "AiChat", "AiChat\AiChat.csproj", "{86064D52-A093-4D65-9A82-337FE6CC0C14}"
EndProject
Global
	GlobalSection(SolutionConfigurationPlatforms) = preSolution
		Debug|Any CPU = Debug|Any CPU
		Release|Any CPU = Release|Any CPU
	EndGlobalSection
	GlobalSection(ProjectConfigurationPlatforms) = postSolution
		{86064D52-A093-4D65-9A82-337FE6CC0C14}.Debug|Any CPU.ActiveCfg = Debug|Any CPU
		{86064D52-A093-4D65-9A82-337FE6CC0C14}.Debug|Any CPU.Build.0 = Debug|Any CPU
		{86064D52-A093-4D65-9A82-337FE6CC0C14}.Release|Any CPU.ActiveCfg = Release|Any CPU
		{86064D52-A093-4D65-9A82-337FE6CC0C14}.Release|Any CPU.Build.0 = Release|Any CPU
	EndGlobalSection
	GlobalSection(SolutionProperties) = preSolution
		HideSolutionNode = FALSE
	EndGlobalSection
	GlobalSection(ExtensibilityGlobals) = postSolution
		SolutionGuid = {DB5AD628-4000-4400-A217-4A9E8B623331}
	EndGlobalSection
EndGlobal
